<?xml version="1.0" encoding="utf-8"?>
<Project ToolsVersion="4.0" xmlns="http://schemas.microsoft.com/developer/msbuild/2003">
  <ItemGroup>
    <Filter Include="源文件">
      <UniqueIdentifier>{4FC737F1-C7A5-4376-A066-2A32D752A2FF}</UniqueIdentifier>
      <Extensions>cpp;c;cc;cxx;def;odl;idl;hpj;bat;asm;asmx</Extensions>
    </Filter>
    <Filter Include="头文件">
      <UniqueIdentifier>{93995380-89BD-4b04-88EB-625FBE52EBFB}</UniqueIdentifier>
      <Extensions>h;hh;hpp;hxx;hm;inl;inc;ipp;xsd</Extensions>
    </Filter>
    <Filter Include="资源文件">
      <UniqueIdentifier>{67DA6AB6-F800-4c08-8B7A-83BB121AAD01}</UniqueIdentifier>
      <Extensions>rc;ico;cur;bmp;dlg;rc2;rct;bin;rgs;gif;jpg;jpeg;jpe;resx;tiff;tif;png;wav;mfcribbon-ms</Extensions>
    </Filter>
  </ItemGroup>
  <ItemGroup>
    <ClInclude Include="Resource.h">
      <Filter>头文件</Filter>
    </ClInclude>
    <ClInclude Include="JumpingGame.h">
      <Filter>头文件</Filter>
    </ClInclude>
  </ItemGroup>
  <ItemGroup>
    <ClCompile Include="MyGame.cpp">
      <Filter>源文件</Filter>
    </ClCompile>
  </ItemGroup>
  <ItemGroup>
    <ResourceCompile Include="JumpingGame.rc">
      <Filter>资源文件</Filter>
    </ResourceCompile>
  </ItemGroup>
  <ItemGroup>
    <Image Include="res\images\apple.bmp">
      <Filter>资源文件</Filter>
    </Image>
    <Image Include="res\images\bg.bmp">
      <Filter>资源文件</Filter>
    </Image>
    <Image Include="res\images\bghelp1.bmp">
      <Filter>资源文件</Filter>
    </Image>
    <Image Include="res\images\bghelp2.bmp">
      <Filter>资源文件</Filter>
    </Image>
    <Image Include="res\images\bghelp3.bmp">
      <Filter>资源文件</Filter>
    </Image>
    <Image Include="res\images\bghelp4.bmp">
      <Filter>资源文件</Filter>
    </Image>
    <Image Include="res\images\bitmap2.bmp">
      <Filter>资源文件</Filter>
    </Image>
    <Image Include="res\images\bloodbody.bmp">
      <Filter>资源文件</Filter>
    </Image>
    <Image Include="res\images\burned.bmp">
      <Filter>资源文件</Filter>
    </Image>
    <Image Include="res\images\buttonback.bmp">
      <Filter>资源文件</Filter>
    </Image>
    <Image Include="res\images\buttoncontinue.bmp">
      <Filter>资源文件</Filter>
    </Image>
    <Image Include="res\images\buttonmenu.bmp">
      <Filter>资源文件</Filter>
    </Image>
    <Image Include="res\images\buttonnext.bmp">
      <Filter>资源文件</Filter>
    </Image>
    <Image Include="res\images\buttonpause.bmp">
      <Filter>资源文件</Filter>
    </Image>
    <Image Include="res\images\buttonretry.bmp">
      <Filter>资源文件</Filter>
    </Image>
    <Image Include="res\images\ButtonStage1.bmp">
      <Filter>资源文件</Filter>
    </Image>
    <Image Include="res\images\ButtonStage2.bmp">
      <Filter>资源文件</Filter>
    </Image>
    <Image Include="res\images\ButtonStage3.bmp">
      <Filter>资源文件</Filter>
    </Image>
    <Image Include="res\images\ButtonStage4.bmp">
      <Filter>资源文件</Filter>
    </Image>
    <Image Include="res\images\ButtonStage5.bmp">
      <Filter>资源文件</Filter>
    </Image>
    <Image Include="res\images\dirt.bmp">
      <Filter>资源文件</Filter>
    </Image>
    <Image Include="res\images\endbg.bmp">
      <Filter>资源文件</Filter>
    </Image>
    <Image Include="res\images\endbg2.bmp">
      <Filter>资源文件</Filter>
    </Image>
    <Image Include="res\images\endbg3.bmp">
      <Filter>资源文件</Filter>
    </Image>
    <Image Include="res\images\fire.bmp">
      <Filter>资源文件</Filter>
    </Image>
    <Image Include="res\images\freezed.bmp">
      <Filter>资源文件</Filter>
    </Image>
    <Image Include="res\images\gamebg.bmp">
      <Filter>资源文件</Filter>
    </Image>
    <Image Include="res\images\gamebg2.bmp">
      <Filter>资源文件</Filter>
    </Image>
    <Image Include="res\images\gamebg3.bmp">
      <Filter>资源文件</Filter>
    </Image>
    <Image Include="res\images\gamebg4.bmp">
      <Filter>资源文件</Filter>
    </Image>
    <Image Include="res\images\gamebg5.bmp">
      <Filter>资源文件</Filter>
    </Image>
    <Image Include="res\images\grass.bmp">
      <Filter>资源文件</Filter>
    </Image>
    <Image Include="res\images\help.bmp">
      <Filter>资源文件</Filter>
    </Image>
    <Image Include="res\images\ice.bmp">
      <Filter>资源文件</Filter>
    </Image>
    <Image Include="res\images\icon.ico">
      <Filter>资源文件</Filter>
    </Image>
    <Image Include="res\images\name.bmp">
      <Filter>资源文件</Filter>
    </Image>
    <Image Include="res\images\onoff.bmp">
      <Filter>资源文件</Filter>
    </Image>
    <Image Include="res\images\pedal.bmp">
      <Filter>资源文件</Filter>
    </Image>
    <Image Include="res\images\pedalon.bmp">
      <Filter>资源文件</Filter>
    </Image>
    <Image Include="res\images\save.bmp">
      <Filter>资源文件</Filter>
    </Image>
    <Image Include="res\images\select.bmp">
      <Filter>资源文件</Filter>
    </Image>
    <Image Include="res\images\slime.bmp">
      <Filter>资源文件</Filter>
    </Image>
    <Image Include="res\images\start.bmp">
      <Filter>资源文件</Filter>
    </Image>
    <Image Include="res\images\startstory.bmp">
      <Filter>资源文件</Filter>
    </Image>
    <Image Include="res\images\thorn.bmp">
      <Filter>资源文件</Filter>
    </Image>
    <Image Include="res\images\title.bmp">
      <Filter>资源文件</Filter>
    </Image>
    <Image Include="res\images\titlebg.bmp">
      <Filter>资源文件</Filter>
    </Image>
    <Image Include="res\images\buttonsound.bmp">
      <Filter>资源文件</Filter>
    </Image>
    <Image Include="res\images\buttonsilent.bmp">
      <Filter>资源文件</Filter>
    </Image>
  </ItemGroup>
</Project>